
Microsoft Visual Studio Solution File, Format Version 12.00
# Visual Studio Version 17
VisualStudioVersion = 17.8.34330.188
MinimumVisualStudioVersion = 10.0.40219.1
Project("{FAE04EC0-301F-11D3-BF4B-00C04F79EFBC}") = "Stage0", "Stage0\Stage0.csproj", "{F3847089-573E-4066-872A-D0BA43544FEB}"
EndProject
Project("{2150E333-8FDC-42A3-9474-1A3956D46DE8}") = "Solution Items", "Solution Items", "{ECBFF046-E20F-467F-A34A-2EFED7906F5A}"
	ProjectSection(SolutionItems) = preProject
		README.md = README.md
	EndProjectSection
EndProject
Global
	GlobalSection(SolutionConfigurationPlatforms) = preSolution
		Debug|Any CPU = Debug|Any CPU
		Release|Any CPU = Release|Any CPU
	EndGlobalSection
	GlobalSection(ProjectConfigurationPlatforms) = postSolution
		{F3847089-573E-4066-872A-D0BA43544FEB}.Debug|Any CPU.ActiveCfg = Debug|Any CPU
		{F3847089-573E-4066-872A-D0BA43544FEB}.Debug|Any CPU.Build.0 = Debug|Any CPU
		{F3847089-573E-4066-872A-D0BA43544FEB}.Release|Any CPU.ActiveCfg = Release|Any CPU
		{F3847089-573E-4066-872A-D0BA43544FEB}.Release|Any CPU.Build.0 = Release|Any CPU
	EndGlobalSection
	GlobalSection(SolutionProperties) = preSolution
		HideSolutionNode = FALSE
	EndGlobalSection
	GlobalSection(ExtensibilityGlobals) = postSolution
		SolutionGuid = {B523B244-9B83-45F6-B6FE-D22197BCD45B}
	EndGlobalSection
EndGlobal
