
Microsoft Visual Studio Solution File, Format Version 12.00
# Visual Studio Version 17
VisualStudioVersion = 17.8.34330.188
MinimumVisualStudioVersion = 10.0.40219.1
Project("{2150E333-8FDC-42A3-9474-1A3956D46DE8}") = "Solution Items", "Solution Items", "{ECBFF046-E20F-467F-A34A-2EFED7906F5A}"
	ProjectSection(SolutionItems) = preProject
		README.md = README.md
	EndProjectSection
EndProject
Project("{9A19103F-16F7-4668-BE54-9A1E7A4F7556}") = "Stage0", "Stage0\Stage0.csproj", "{70905557-3014-4406-973F-F194FEDD072F}"
EndProject
Project("{FAE04EC0-301F-11D3-BF4B-00C04F79EFBC}") = "DalFacade", "DalFacade\DalFacade.csproj", "{3EEC8CAB-2623-4E19-9100-63319C274516}"
EndProject
Project("{FAE04EC0-301F-11D3-BF4B-00C04F79EFBC}") = "DalList", "DalList\DalList.csproj", "{7FA4D3B2-0BE5-49EE-A2CD-0BEB55B14285}"
EndProject
Project("{FAE04EC0-301F-11D3-BF4B-00C04F79EFBC}") = "DalTest", "DalTest\DalTest.csproj", "{D4A462ED-7217-4EBA-8E0B-97233C4960E9}"
EndProject
Global
	GlobalSection(SolutionConfigurationPlatforms) = preSolution
		Debug|Any CPU = Debug|Any CPU
		Release|Any CPU = Release|Any CPU
	EndGlobalSection
	GlobalSection(ProjectConfigurationPlatforms) = postSolution
		{70905557-3014-4406-973F-F194FEDD072F}.Debug|Any CPU.ActiveCfg = Debug|Any CPU
		{70905557-3014-4406-973F-F194FEDD072F}.Debug|Any CPU.Build.0 = Debug|Any CPU
		{70905557-3014-4406-973F-F194FEDD072F}.Release|Any CPU.ActiveCfg = Release|Any CPU
		{70905557-3014-4406-973F-F194FEDD072F}.Release|Any CPU.Build.0 = Release|Any CPU
		{3EEC8CAB-2623-4E19-9100-63319C274516}.Debug|Any CPU.ActiveCfg = Debug|Any CPU
		{3EEC8CAB-2623-4E19-9100-63319C274516}.Debug|Any CPU.Build.0 = Debug|Any CPU
		{3EEC8CAB-2623-4E19-9100-63319C274516}.Release|Any CPU.ActiveCfg = Release|Any CPU
		{3EEC8CAB-2623-4E19-9100-63319C274516}.Release|Any CPU.Build.0 = Release|Any CPU
		{7FA4D3B2-0BE5-49EE-A2CD-0BEB55B14285}.Debug|Any CPU.ActiveCfg = Debug|Any CPU
		{7FA4D3B2-0BE5-49EE-A2CD-0BEB55B14285}.Debug|Any CPU.Build.0 = Debug|Any CPU
		{7FA4D3B2-0BE5-49EE-A2CD-0BEB55B14285}.Release|Any CPU.ActiveCfg = Release|Any CPU
		{7FA4D3B2-0BE5-49EE-A2CD-0BEB55B14285}.Release|Any CPU.Build.0 = Release|Any CPU
		{D4A462ED-7217-4EBA-8E0B-97233C4960E9}.Debug|Any CPU.ActiveCfg = Debug|Any CPU
		{D4A462ED-7217-4EBA-8E0B-97233C4960E9}.Debug|Any CPU.Build.0 = Debug|Any CPU
		{D4A462ED-7217-4EBA-8E0B-97233C4960E9}.Release|Any CPU.ActiveCfg = Release|Any CPU
		{D4A462ED-7217-4EBA-8E0B-97233C4960E9}.Release|Any CPU.Build.0 = Release|Any CPU
	EndGlobalSection
	GlobalSection(SolutionProperties) = preSolution
		HideSolutionNode = FALSE
	EndGlobalSection
	GlobalSection(ExtensibilityGlobals) = postSolution
		SolutionGuid = {4DC8F630-CBDD-453C-B8B0-956C410990E5}
	EndGlobalSection
EndGlobal
